{
    "_readme": [
        "This file locks the dependencies of your project to a known state",
        "Read more about it at https://getcomposer.org/doc/01-basic-usage.md#composer-lock-the-lock-file",
        "This file is @generated automatically"
    ],
    "hash": "b14f9bcfb9da0ba1d0557e67ff000419",
    "content-hash": "84f0aca0adba86ad673a19586c810346",
    "packages": [],
    "packages-dev": [],
    "aliases": [],
    "minimum-stability": "stable",
    "stability-flags": [],
    "prefer-stable": false,
    "prefer-lowest": false,
    "platform": {
        "php": "~7.0",
        "ext-pdo": "*",
        "ext-pdo_pgsql": "*",
        "ext-pgsql": "*",
        "ext-xml": "*",
        "ext-json": "*",
        "ext-openssl": "*",
        "ext-curl": "*",
        "ext-gd": "*",
        "ext-mbstring": "*"
    },
    "platform-dev": []
}
